
Microsoft Visual Studio Solution File, Format Version 12.00
# Visual Studio Version 17
VisualStudioVersion = 17.9.34902.65
MinimumVisualStudioVersion = 10.0.40219.1
Project("{FAE04EC0-301F-11D3-BF4B-00C04F79EFBC}") = "ValheimAIMod", "ValheimAIMod.csproj", "{D0F5469C-3DB9-4874-86E8-35B484BF63D1}"
EndProject
Global
	GlobalSection(SolutionConfigurationPlatforms) = preSolution
		Debug|Any CPU = Debug|Any CPU
		Release|Any CPU = Release|Any CPU
	EndGlobalSection
	GlobalSection(ProjectConfigurationPlatforms) = postSolution
		{D0F5469C-3DB9-4874-86E8-35B484BF63D1}.Debug|Any CPU.ActiveCfg = Debug|Any CPU
		{D0F5469C-3DB9-4874-86E8-35B484BF63D1}.Debug|Any CPU.Build.0 = Debug|Any CPU
		{D0F5469C-3DB9-4874-86E8-35B484BF63D1}.Release|Any CPU.ActiveCfg = Release|Any CPU
		{D0F5469C-3DB9-4874-86E8-35B484BF63D1}.Release|Any CPU.Build.0 = Release|Any CPU
	EndGlobalSection
	GlobalSection(SolutionProperties) = preSolution
		HideSolutionNode = FALSE
	EndGlobalSection
	GlobalSection(ExtensibilityGlobals) = postSolution
		SolutionGuid = {AA6FDE34-0ABB-4A9E-86A1-2D2E26913BBA}
	EndGlobalSection
EndGlobal
